
Microsoft Visual Studio Solution File, Format Version 12.00
# Visual Studio Version 17
VisualStudioVersion = 17.14.36221.1 d17.14
MinimumVisualStudioVersion = 10.0.40219.1
Project("{2150E333-8FDC-42A3-9474-1A3956D46DE8}") = "src", "src", "{02EA681E-C7D8-13C7-8484-4AC65E1B71E8}"
EndProject
Project("{2150E333-8FDC-42A3-9474-1A3956D46DE8}") = "services", "services", "{D887CFAA-5D14-472D-BAD6-BABBE2770F50}"
EndProject
Project("{2150E333-8FDC-42A3-9474-1A3956D46DE8}") = "catalog", "catalog", "{A93E90BF-A339-4BB8-963B-62E840B40BF3}"
EndProject
Project("{FAE04EC0-301F-11D3-BF4B-00C04F79EFBC}") = "CourseMicroservice.Catalog.API", "CourseMicroservice.Catalog.API\CourseMicroservice.Catalog.API.csproj", "{A41FD6FD-3039-433C-964C-ACA7F9FAC0DE}"
EndProject
Project("{E53339B2-1760-4266-BCC7-CA923CBCF16C}") = "docker-compose", "docker-compose.dcproj", "{81DDED9D-158B-E303-5F62-77A2896D2A5A}"
EndProject
Global
	GlobalSection(SolutionConfigurationPlatforms) = preSolution
		Debug|Any CPU = Debug|Any CPU
		Release|Any CPU = Release|Any CPU
	EndGlobalSection
	GlobalSection(ProjectConfigurationPlatforms) = postSolution
		{A41FD6FD-3039-433C-964C-ACA7F9FAC0DE}.Debug|Any CPU.ActiveCfg = Debug|Any CPU
		{A41FD6FD-3039-433C-964C-ACA7F9FAC0DE}.Debug|Any CPU.Build.0 = Debug|Any CPU
		{A41FD6FD-3039-433C-964C-ACA7F9FAC0DE}.Release|Any CPU.ActiveCfg = Release|Any CPU
		{A41FD6FD-3039-433C-964C-ACA7F9FAC0DE}.Release|Any CPU.Build.0 = Release|Any CPU
		{81DDED9D-158B-E303-5F62-77A2896D2A5A}.Debug|Any CPU.ActiveCfg = Debug|Any CPU
		{81DDED9D-158B-E303-5F62-77A2896D2A5A}.Debug|Any CPU.Build.0 = Debug|Any CPU
		{81DDED9D-158B-E303-5F62-77A2896D2A5A}.Release|Any CPU.ActiveCfg = Release|Any CPU
		{81DDED9D-158B-E303-5F62-77A2896D2A5A}.Release|Any CPU.Build.0 = Release|Any CPU
	EndGlobalSection
	GlobalSection(SolutionProperties) = preSolution
		HideSolutionNode = FALSE
	EndGlobalSection
	GlobalSection(NestedProjects) = preSolution
		{D887CFAA-5D14-472D-BAD6-BABBE2770F50} = {02EA681E-C7D8-13C7-8484-4AC65E1B71E8}
		{A93E90BF-A339-4BB8-963B-62E840B40BF3} = {D887CFAA-5D14-472D-BAD6-BABBE2770F50}
		{A41FD6FD-3039-433C-964C-ACA7F9FAC0DE} = {A93E90BF-A339-4BB8-963B-62E840B40BF3}
	EndGlobalSection
	GlobalSection(ExtensibilityGlobals) = postSolution
		SolutionGuid = {FAA6C960-1E31-454B-BEDE-D803D950AF7F}
	EndGlobalSection
EndGlobal
