
Microsoft Visual Studio Solution File, Format Version 12.00
# Visual Studio Version 18
VisualStudioVersion = 18.4.11612.150
MinimumVisualStudioVersion = 10.0.40219.1
Project("{2150E333-8FDC-42A3-9474-1A3956D46DE8}") = "src", "src", "{02EA681E-C7D8-13C7-8484-4AC65E1B71E8}"
EndProject
Project("{2150E333-8FDC-42A3-9474-1A3956D46DE8}") = "services", "services", "{D887CFAA-5D14-472D-BAD6-BABBE2770F50}"
EndProject
Project("{2150E333-8FDC-42A3-9474-1A3956D46DE8}") = "catalog", "catalog", "{A93E90BF-A339-4BB8-963B-62E840B40BF3}"
EndProject
Project("{FAE04EC0-301F-11D3-BF4B-00C04F79EFBC}") = "CourseMicroservice.Catalog.API", "CourseMicroservice.Catalog.API\CourseMicroservice.Catalog.API.csproj", "{A41FD6FD-3039-433C-964C-ACA7F9FAC0DE}"
EndProject
Project("{E53339B2-1760-4266-BCC7-CA923CBCF16C}") = "docker-compose", "docker-compose.dcproj", "{81DDED9D-158B-E303-5F62-77A2896D2A5A}"
EndProject
Project("{2150E333-8FDC-42A3-9474-1A3956D46DE8}") = "shared", "shared", "{B9479EF5-C905-4220-9534-CADF9456C822}"
EndProject
Project("{FAE04EC0-301F-11D3-BF4B-00C04F79EFBC}") = "CourseMicroservice.Shared", "CourseMicroservice.Shared\CourseMicroservice.Shared.csproj", "{F5776EF8-726E-FD98-E454-8374633E12ED}"
EndProject
Project("{2150E333-8FDC-42A3-9474-1A3956D46DE8}") = "basket", "basket", "{B7DBE209-80CA-44CF-B036-AD2349886448}"
EndProject
Project("{FAE04EC0-301F-11D3-BF4B-00C04F79EFBC}") = "CourseMicroservice.Basket.API", "CourseMicroservice.Basket.API\CourseMicroservice.Basket.API.csproj", "{94797AD0-A339-4155-7565-01A60DD0E5B8}"
EndProject
Project("{2150E333-8FDC-42A3-9474-1A3956D46DE8}") = "discount", "discount", "{94351AF6-B572-4924-8662-8902873085E0}"
EndProject
Project("{FAE04EC0-301F-11D3-BF4B-00C04F79EFBC}") = "CourseMicroservice.Discount.API", "CourseMicroservice.Discount.API\CourseMicroservice.Discount.API.csproj", "{3C97C3B7-EDF8-85FF-2609-572C514A55DC}"
EndProject
Project("{2150E333-8FDC-42A3-9474-1A3956D46DE8}") = "file", "file", "{AFB5DABA-0DDE-47DA-950E-5CFC00B3F2A3}"
EndProject
Project("{FAE04EC0-301F-11D3-BF4B-00C04F79EFBC}") = "CourseMicroservice.File.API", "CourseMicroservice.File.API\CourseMicroservice.File.API.csproj", "{E5B92FD7-EA29-48CE-A6A1-10D6E0AC647C}"
EndProject
Project("{2150E333-8FDC-42A3-9474-1A3956D46DE8}") = "order", "order", "{74E65D49-1848-4793-87F3-D811C4B36AA9}"
EndProject
Project("{2150E333-8FDC-42A3-9474-1A3956D46DE8}") = "api", "api", "{69F96109-C17A-425A-9387-4C23DFB88026}"
EndProject
Project("{2150E333-8FDC-42A3-9474-1A3956D46DE8}") = "core", "core", "{713CE382-99B2-4765-A890-C8E8EFCA9C9A}"
EndProject
Project("{2150E333-8FDC-42A3-9474-1A3956D46DE8}") = "infrastructure", "infrastructure", "{726DC236-8A27-417D-8498-79B5504C9FB7}"
EndProject
Project("{FAE04EC0-301F-11D3-BF4B-00C04F79EFBC}") = "CourseMicroservice.Order.API", "CourseMicroservice.Order.API\CourseMicroservice.Order.API.csproj", "{84C2C821-71DC-45A9-AE9C-5FBF06C50781}"
EndProject
Project("{FAE04EC0-301F-11D3-BF4B-00C04F79EFBC}") = "CourseMicroservice.Order.Domain", "CourseMicroservice.Order.Domain\CourseMicroservice.Order.Domain.csproj", "{1267A401-7E52-4482-B029-C1E586D69F27}"
EndProject
Project("{FAE04EC0-301F-11D3-BF4B-00C04F79EFBC}") = "CourseMicroservice.Order.Application", "CourseMicroservice.Order.Application\CourseMicroservice.Order.Application.csproj", "{FFBE6E70-1CDD-4E2E-8B88-D7AC870D4558}"
EndProject
Project("{FAE04EC0-301F-11D3-BF4B-00C04F79EFBC}") = "CourseMicroservice.Order.Persistance", "CourseMicroservice.Order.Persistance\CourseMicroservice.Order.Persistance.csproj", "{C3F139CE-3D51-49B5-B688-931CCE01D452}"
EndProject
Global
	GlobalSection(SolutionConfigurationPlatforms) = preSolution
		Debug|Any CPU = Debug|Any CPU
		Release|Any CPU = Release|Any CPU
	EndGlobalSection
	GlobalSection(ProjectConfigurationPlatforms) = postSolution
		{A41FD6FD-3039-433C-964C-ACA7F9FAC0DE}.Debug|Any CPU.ActiveCfg = Debug|Any CPU
		{A41FD6FD-3039-433C-964C-ACA7F9FAC0DE}.Debug|Any CPU.Build.0 = Debug|Any CPU
		{A41FD6FD-3039-433C-964C-ACA7F9FAC0DE}.Release|Any CPU.ActiveCfg = Release|Any CPU
		{A41FD6FD-3039-433C-964C-ACA7F9FAC0DE}.Release|Any CPU.Build.0 = Release|Any CPU
		{81DDED9D-158B-E303-5F62-77A2896D2A5A}.Debug|Any CPU.ActiveCfg = Debug|Any CPU
		{81DDED9D-158B-E303-5F62-77A2896D2A5A}.Debug|Any CPU.Build.0 = Debug|Any CPU
		{81DDED9D-158B-E303-5F62-77A2896D2A5A}.Release|Any CPU.ActiveCfg = Release|Any CPU
		{81DDED9D-158B-E303-5F62-77A2896D2A5A}.Release|Any CPU.Build.0 = Release|Any CPU
		{F5776EF8-726E-FD98-E454-8374633E12ED}.Debug|Any CPU.ActiveCfg = Debug|Any CPU
		{F5776EF8-726E-FD98-E454-8374633E12ED}.Debug|Any CPU.Build.0 = Debug|Any CPU
		{F5776EF8-726E-FD98-E454-8374633E12ED}.Release|Any CPU.ActiveCfg = Release|Any CPU
		{F5776EF8-726E-FD98-E454-8374633E12ED}.Release|Any CPU.Build.0 = Release|Any CPU
		{94797AD0-A339-4155-7565-01A60DD0E5B8}.Debug|Any CPU.ActiveCfg = Debug|Any CPU
		{94797AD0-A339-4155-7565-01A60DD0E5B8}.Debug|Any CPU.Build.0 = Debug|Any CPU
		{94797AD0-A339-4155-7565-01A60DD0E5B8}.Release|Any CPU.ActiveCfg = Release|Any CPU
		{94797AD0-A339-4155-7565-01A60DD0E5B8}.Release|Any CPU.Build.0 = Release|Any CPU
		{3C97C3B7-EDF8-85FF-2609-572C514A55DC}.Debug|Any CPU.ActiveCfg = Debug|Any CPU
		{3C97C3B7-EDF8-85FF-2609-572C514A55DC}.Debug|Any CPU.Build.0 = Debug|Any CPU
		{3C97C3B7-EDF8-85FF-2609-572C514A55DC}.Release|Any CPU.ActiveCfg = Release|Any CPU
		{3C97C3B7-EDF8-85FF-2609-572C514A55DC}.Release|Any CPU.Build.0 = Release|Any CPU
		{E5B92FD7-EA29-48CE-A6A1-10D6E0AC647C}.Debug|Any CPU.ActiveCfg = Debug|Any CPU
		{E5B92FD7-EA29-48CE-A6A1-10D6E0AC647C}.Debug|Any CPU.Build.0 = Debug|Any CPU
		{E5B92FD7-EA29-48CE-A6A1-10D6E0AC647C}.Release|Any CPU.ActiveCfg = Release|Any CPU
		{E5B92FD7-EA29-48CE-A6A1-10D6E0AC647C}.Release|Any CPU.Build.0 = Release|Any CPU
		{84C2C821-71DC-45A9-AE9C-5FBF06C50781}.Debug|Any CPU.ActiveCfg = Debug|Any CPU
		{84C2C821-71DC-45A9-AE9C-5FBF06C50781}.Debug|Any CPU.Build.0 = Debug|Any CPU
		{84C2C821-71DC-45A9-AE9C-5FBF06C50781}.Release|Any CPU.ActiveCfg = Release|Any CPU
		{84C2C821-71DC-45A9-AE9C-5FBF06C50781}.Release|Any CPU.Build.0 = Release|Any CPU
		{1267A401-7E52-4482-B029-C1E586D69F27}.Debug|Any CPU.ActiveCfg = Debug|Any CPU
		{1267A401-7E52-4482-B029-C1E586D69F27}.Debug|Any CPU.Build.0 = Debug|Any CPU
		{1267A401-7E52-4482-B029-C1E586D69F27}.Release|Any CPU.ActiveCfg = Release|Any CPU
		{1267A401-7E52-4482-B029-C1E586D69F27}.Release|Any CPU.Build.0 = Release|Any CPU
		{FFBE6E70-1CDD-4E2E-8B88-D7AC870D4558}.Debug|Any CPU.ActiveCfg = Debug|Any CPU
		{FFBE6E70-1CDD-4E2E-8B88-D7AC870D4558}.Debug|Any CPU.Build.0 = Debug|Any CPU
		{FFBE6E70-1CDD-4E2E-8B88-D7AC870D4558}.Release|Any CPU.ActiveCfg = Release|Any CPU
		{FFBE6E70-1CDD-4E2E-8B88-D7AC870D4558}.Release|Any CPU.Build.0 = Release|Any CPU
		{C3F139CE-3D51-49B5-B688-931CCE01D452}.Debug|Any CPU.ActiveCfg = Debug|Any CPU
		{C3F139CE-3D51-49B5-B688-931CCE01D452}.Debug|Any CPU.Build.0 = Debug|Any CPU
		{C3F139CE-3D51-49B5-B688-931CCE01D452}.Release|Any CPU.ActiveCfg = Release|Any CPU
		{C3F139CE-3D51-49B5-B688-931CCE01D452}.Release|Any CPU.Build.0 = Release|Any CPU
	EndGlobalSection
	GlobalSection(SolutionProperties) = preSolution
		HideSolutionNode = FALSE
	EndGlobalSection
	GlobalSection(NestedProjects) = preSolution
		{D887CFAA-5D14-472D-BAD6-BABBE2770F50} = {02EA681E-C7D8-13C7-8484-4AC65E1B71E8}
		{A93E90BF-A339-4BB8-963B-62E840B40BF3} = {D887CFAA-5D14-472D-BAD6-BABBE2770F50}
		{A41FD6FD-3039-433C-964C-ACA7F9FAC0DE} = {A93E90BF-A339-4BB8-963B-62E840B40BF3}
		{B9479EF5-C905-4220-9534-CADF9456C822} = {02EA681E-C7D8-13C7-8484-4AC65E1B71E8}
		{F5776EF8-726E-FD98-E454-8374633E12ED} = {B9479EF5-C905-4220-9534-CADF9456C822}
		{B7DBE209-80CA-44CF-B036-AD2349886448} = {D887CFAA-5D14-472D-BAD6-BABBE2770F50}
		{94797AD0-A339-4155-7565-01A60DD0E5B8} = {B7DBE209-80CA-44CF-B036-AD2349886448}
		{94351AF6-B572-4924-8662-8902873085E0} = {D887CFAA-5D14-472D-BAD6-BABBE2770F50}
		{3C97C3B7-EDF8-85FF-2609-572C514A55DC} = {94351AF6-B572-4924-8662-8902873085E0}
		{AFB5DABA-0DDE-47DA-950E-5CFC00B3F2A3} = {D887CFAA-5D14-472D-BAD6-BABBE2770F50}
		{E5B92FD7-EA29-48CE-A6A1-10D6E0AC647C} = {AFB5DABA-0DDE-47DA-950E-5CFC00B3F2A3}
		{74E65D49-1848-4793-87F3-D811C4B36AA9} = {D887CFAA-5D14-472D-BAD6-BABBE2770F50}
		{69F96109-C17A-425A-9387-4C23DFB88026} = {74E65D49-1848-4793-87F3-D811C4B36AA9}
		{713CE382-99B2-4765-A890-C8E8EFCA9C9A} = {74E65D49-1848-4793-87F3-D811C4B36AA9}
		{726DC236-8A27-417D-8498-79B5504C9FB7} = {74E65D49-1848-4793-87F3-D811C4B36AA9}
		{84C2C821-71DC-45A9-AE9C-5FBF06C50781} = {69F96109-C17A-425A-9387-4C23DFB88026}
		{1267A401-7E52-4482-B029-C1E586D69F27} = {713CE382-99B2-4765-A890-C8E8EFCA9C9A}
		{FFBE6E70-1CDD-4E2E-8B88-D7AC870D4558} = {713CE382-99B2-4765-A890-C8E8EFCA9C9A}
		{C3F139CE-3D51-49B5-B688-931CCE01D452} = {726DC236-8A27-417D-8498-79B5504C9FB7}
	EndGlobalSection
	GlobalSection(ExtensibilityGlobals) = postSolution
		SolutionGuid = {FAA6C960-1E31-454B-BEDE-D803D950AF7F}
	EndGlobalSection
EndGlobal
